<?xml version="1.0" encoding="utf-8"?>
<Project ToolsVersion="4.0" xmlns="http://schemas.microsoft.com/developer/msbuild/2003">
  <ItemGroup>
    <Filter Include="Quelldateien">
      <UniqueIdentifier>{4FC737F1-C7A5-4376-A066-2A32D752A2FF}</UniqueIdentifier>
      <Extensions>cpp;c;cc;cxx;c++;cppm;ixx;def;odl;idl;hpj;bat;asm;asmx</Extensions>
    </Filter>
    <Filter Include="Headerdateien">
      <UniqueIdentifier>{93995380-89BD-4b04-88EB-625FBE52EBFB}</UniqueIdentifier>
      <Extensions>h;hh;hpp;hxx;h++;hm;inl;inc;ipp;xsd</Extensions>
    </Filter>
    <Filter Include="Ressourcendateien">
      <UniqueIdentifier>{67DA6AB6-F800-4c08-8B7A-83BB121AAD01}</UniqueIdentifier>
      <Extensions>rc;ico;cur;bmp;dlg;rc2;rct;bin;rgs;gif;jpg;jpeg;jpe;resx;tiff;tif;png;wav;mfcribbon-ms</Extensions>
    </Filter>
  </ItemGroup>
  <ItemGroup>
    <ClInclude Include="Strom_Spannung_Glaettung.h">
      <Filter>Headerdateien</Filter>
    </ClInclude>
    <ClInclude Include="Strom_Spannung_GlaettungDlg.h">
      <Filter>Headerdateien</Filter>
    </ClInclude>
    <ClInclude Include="framework.h">
      <Filter>Headerdateien</Filter>
    </ClInclude>
    <ClInclude Include="targetver.h">
      <Filter>Headerdateien</Filter>
    </ClInclude>
    <ClInclude Include="Resource.h">
      <Filter>Headerdateien</Filter>
    </ClInclude>
    <ClInclude Include="pch.h">
      <Filter>Headerdateien</Filter>
    </ClInclude>
    <ClInclude Include="CModel.h">
      <Filter>Headerdateien</Filter>
    </ClInclude>
    <ClInclude Include="Koordinatensystem.h">
      <Filter>Headerdateien</Filter>
    </ClInclude>
    <ClInclude Include="AbstractModel.h">
      <Filter>Headerdateien</Filter>
    </ClInclude>
    <ClInclude Include="CapacitorPilotDesign.h">
      <Filter>Headerdateien</Filter>
    </ClInclude>
    <ClInclude Include="ControllableObject.h">
      <Filter>Headerdateien</Filter>
    </ClInclude>
    <ClInclude Include="Controller.h">
      <Filter>Headerdateien</Filter>
    </ClInclude>
    <ClInclude Include="CtrTypCapacitorPilotHor.h">
      <Filter>Headerdateien</Filter>
    </ClInclude>
    <ClInclude Include="CtrTypHor.h">
      <Filter>Headerdateien</Filter>
    </ClInclude>
    <ClInclude Include="CtrTypVert.h">
      <Filter>Headerdateien</Filter>
    </ClInclude>
    <ClInclude Include="Daten.h">
      <Filter>Headerdateien</Filter>
    </ClInclude>
    <ClInclude Include="InduktorDesign.h">
      <Filter>Headerdateien</Filter>
    </ClInclude>
    <ClInclude Include="Last_WiderstandDesign.h">
      <Filter>Headerdateien</Filter>
    </ClInclude>
    <ClInclude Include="WiderstandDesign.h">
      <Filter>Headerdateien</Filter>
    </ClInclude>
    <ClInclude Include="SteuerspannungDesign.h">
      <Filter>Headerdateien</Filter>
    </ClInclude>
    <ClInclude Include="SchaltfrequenzDesign.h">
      <Filter>Headerdateien</Filter>
    </ClInclude>
    <ClInclude Include="AbstractView.h">
      <Filter>Headerdateien</Filter>
    </ClInclude>
    <ClInclude Include="DrawSchaltplanDesign.h">
      <Filter>Headerdateien</Filter>
    </ClInclude>
    <ClInclude Include="Legende.h">
      <Filter>Headerdateien</Filter>
    </ClInclude>
    <ClInclude Include="AbstractController.h">
      <Filter>Headerdateien</Filter>
    </ClInclude>
  </ItemGroup>
  <ItemGroup>
    <ClCompile Include="Strom_Spannung_Glaettung.cpp">
      <Filter>Quelldateien</Filter>
    </ClCompile>
    <ClCompile Include="Strom_Spannung_GlaettungDlg.cpp">
      <Filter>Quelldateien</Filter>
    </ClCompile>
    <ClCompile Include="pch.cpp">
      <Filter>Quelldateien</Filter>
    </ClCompile>
    <ClCompile Include="CModel.cpp">
      <Filter>Quelldateien</Filter>
    </ClCompile>
    <ClCompile Include="Koordinatensystem.cpp">
      <Filter>Quelldateien</Filter>
    </ClCompile>
    <ClCompile Include="AbstractModel.cpp">
      <Filter>Quelldateien</Filter>
    </ClCompile>
    <ClCompile Include="CapacitorPilotDesign.cpp">
      <Filter>Quelldateien</Filter>
    </ClCompile>
    <ClCompile Include="ControllableObject.cpp">
      <Filter>Quelldateien</Filter>
    </ClCompile>
    <ClCompile Include="Controller.cpp">
      <Filter>Quelldateien</Filter>
    </ClCompile>
    <ClCompile Include="CtrTypCapacitorPilotHor.cpp">
      <Filter>Quelldateien</Filter>
    </ClCompile>
    <ClCompile Include="CtrTypHor.cpp">
      <Filter>Quelldateien</Filter>
    </ClCompile>
    <ClCompile Include="CtrTypVert.cpp">
      <Filter>Quelldateien</Filter>
    </ClCompile>
    <ClCompile Include="Daten.cpp">
      <Filter>Quelldateien</Filter>
    </ClCompile>
    <ClCompile Include="InduktorDesign.cpp">
      <Filter>Quelldateien</Filter>
    </ClCompile>
    <ClCompile Include="Last_WiderstandDesign.cpp">
      <Filter>Quelldateien</Filter>
    </ClCompile>
    <ClCompile Include="WiderstandDesign.cpp">
      <Filter>Quelldateien</Filter>
    </ClCompile>
    <ClCompile Include="SteuerspannungDesign.cpp">
      <Filter>Quelldateien</Filter>
    </ClCompile>
    <ClCompile Include="SchaltfrequenzDesign.cpp">
      <Filter>Quelldateien</Filter>
    </ClCompile>
    <ClCompile Include="AbstractView.cpp">
      <Filter>Quelldateien</Filter>
    </ClCompile>
    <ClCompile Include="DrawSchaltplanDesign.cpp">
      <Filter>Quelldateien</Filter>
    </ClCompile>
    <ClCompile Include="CLegende.cpp">
      <Filter>Quelldateien</Filter>
    </ClCompile>
    <ClCompile Include="AbstractController.cpp">
      <Filter>Quelldateien</Filter>
    </ClCompile>
  </ItemGroup>
  <ItemGroup>
    <ResourceCompile Include="StromSpannungGlaettung.rc">
      <Filter>Ressourcendateien</Filter>
    </ResourceCompile>
  </ItemGroup>
  <ItemGroup>
    <None Include="res\StromSpannungGlaettung.rc2">
      <Filter>Ressourcendateien</Filter>
    </None>
    <None Include="ClassDiagram.cd" />
    <None Include="ClassDiagram1.cd" />
  </ItemGroup>
  <ItemGroup>
    <Image Include="res\Strom_Spannung_Glaettung.ico">
      <Filter>Ressourcendateien</Filter>
    </Image>
  </ItemGroup>
</Project>